
Microsoft Visual Studio Solution File, Format Version 12.00
# Visual Studio 2012
Project("{FAE04EC0-301F-11D3-BF4B-00C04F79EFBC}") = "Takfila", "Takfila\Takfila.csproj", "{B100BA3A-79E7-456E-BCCE-C8A5670AC6C2}"
EndProject
Project("{2150E333-8FDC-42A3-9474-1A3956D46DE8}") = "Solution Items", "Solution Items", "{308C04BE-8B62-4430-8D24-8FBAECC1EBD4}"
EndProject
Global
	GlobalSection(SolutionConfigurationPlatforms) = preSolution
		Debug|Any CPU = Debug|Any CPU
		Release|Any CPU = Release|Any CPU
	EndGlobalSection
	GlobalSection(ProjectConfigurationPlatforms) = postSolution
		{B100BA3A-79E7-456E-BCCE-C8A5670AC6C2}.Debug|Any CPU.ActiveCfg = Debug|Any CPU
		{B100BA3A-79E7-456E-BCCE-C8A5670AC6C2}.Debug|Any CPU.Build.0 = Debug|Any CPU
		{B100BA3A-79E7-456E-BCCE-C8A5670AC6C2}.Release|Any CPU.ActiveCfg = Release|Any CPU
		{B100BA3A-79E7-456E-BCCE-C8A5670AC6C2}.Release|Any CPU.Build.0 = Release|Any CPU
	EndGlobalSection
	GlobalSection(SolutionProperties) = preSolution
		HideSolutionNode = FALSE
	EndGlobalSection
EndGlobal
